
Microsoft Visual Studio Solution File, Format Version 12.00
# Visual Studio 15
VisualStudioVersion = 15.0.28307.902
MinimumVisualStudioVersion = 10.0.40219.1
Project("{FAE04EC0-301F-11D3-BF4B-00C04F79EFBC}") = "TestDeployedRModels", "TestDeployedRModels\TestDeployedRModels.csproj", "{8439A0AA-BD90-4701-9979-90040AC9EFC8}"
EndProject
Global
	GlobalSection(SolutionConfigurationPlatforms) = preSolution
		Debug|Any CPU = Debug|Any CPU
		Release|Any CPU = Release|Any CPU
	EndGlobalSection
	GlobalSection(ProjectConfigurationPlatforms) = postSolution
		{8439A0AA-BD90-4701-9979-90040AC9EFC8}.Debug|Any CPU.ActiveCfg = Debug|Any CPU
		{8439A0AA-BD90-4701-9979-90040AC9EFC8}.Debug|Any CPU.Build.0 = Debug|Any CPU
		{8439A0AA-BD90-4701-9979-90040AC9EFC8}.Release|Any CPU.ActiveCfg = Release|Any CPU
		{8439A0AA-BD90-4701-9979-90040AC9EFC8}.Release|Any CPU.Build.0 = Release|Any CPU
	EndGlobalSection
	GlobalSection(SolutionProperties) = preSolution
		HideSolutionNode = FALSE
	EndGlobalSection
	GlobalSection(ExtensibilityGlobals) = postSolution
		SolutionGuid = {1AD74910-A120-4EF6-A6DD-51AD872D3581}
	EndGlobalSection
EndGlobal
